// !$*UTF8*$!
{
	archiveVersion = 1;
	classes = {
	};
	objectVersion = 45;
	objects = {

/* Begin PBXAggregateTarget section */
		CE6C95B91002E2CF00E59B43 /* demo.sh */ = {
			isa = PBXAggregateTarget;
			buildConfigurationList = CE6C95BC1002E2ED00E59B43 /* Build configuration list for PBXAggregateTarget "demo.sh" */;
			buildPhases = (
				CE6C95B81002E2CF00E59B43 /* ShellScript */,
			);
			dependencies = (
				CE6C97481002EEE200E59B43 /* PBXTargetDependency */,
				CE6C974A1002EEE600E59B43 /* PBXTargetDependency */,
			);
			name = demo.sh;
			productName = demo.sh;
		};
/* End PBXAggregateTarget section */

/* Begin PBXBuildFile section */
		CE1A9005103E22AB00C4C81A /* libfcgi.dylib in Frameworks */ = {isa = PBXBuildFile; fileRef = CE6C94621002B54B00E59B43 /* libfcgi.dylib */; };
		CE298D5C1072CBFD00D50BFA /* WHCallback.h in Headers */ = {isa = PBXBuildFile; fileRef = CE298D5A1072CBFD00D50BFA /* WHCallback.h */; };
		CE298D5D1072CBFD00D50BFA /* WHCallback.m in Sources */ = {isa = PBXBuildFile; fileRef = CE298D5B1072CBFD00D50BFA /* WHCallback.m */; };
		CE298D6A1072CDC700D50BFA /* WHBlockCallback.h in Headers */ = {isa = PBXBuildFile; fileRef = CE298D681072CDC700D50BFA /* WHBlockCallback.h */; };
		CE298D6B1072CDC700D50BFA /* WHBlockCallback.m in Sources */ = {isa = PBXBuildFile; fileRef = CE298D691072CDC700D50BFA /* WHBlockCallback.m */; };
		CE298DA51072E49300D50BFA /* WHBlockWithArgumentCallback.h in Headers */ = {isa = PBXBuildFile; fileRef = CE298DA31072E49300D50BFA /* WHBlockWithArgumentCallback.h */; };
		CE298DA61072E49300D50BFA /* WHBlockWithArgumentCallback.m in Sources */ = {isa = PBXBuildFile; fileRef = CE298DA41072E49300D50BFA /* WHBlockWithArgumentCallback.m */; };
		CE2D4CBE100C261D005177DF /* WHInformDialog.h in Headers */ = {isa = PBXBuildFile; fileRef = CE6BD2511004525200F00EB3 /* WHInformDialog.h */; };
		CE2D4CBF100C261D005177DF /* WHInformDialog.m in Sources */ = {isa = PBXBuildFile; fileRef = CE6BD2521004525200F00EB3 /* WHInformDialog.m */; };
		CE2D4D4A100C2ECD005177DF /* WHChoiceDialog.m in Sources */ = {isa = PBXBuildFile; fileRef = CE2D4CC1100C2675005177DF /* WHChoiceDialog.m */; };
		CE3E6D3D1013FD8200F128B3 /* WHFormSelectTag.m in Sources */ = {isa = PBXBuildFile; fileRef = CE3E6D3A1013FD6C00F128B3 /* WHFormSelectTag.m */; };
		CE5F357A106C622600A4362D /* WHGCDApplication.h in Headers */ = {isa = PBXBuildFile; fileRef = CE5F3578106C622600A4362D /* WHGCDApplication.h */; };
		CE5F357B106C622600A4362D /* WHGCDApplication.m in Sources */ = {isa = PBXBuildFile; fileRef = CE5F3579106C622600A4362D /* WHGCDApplication.m */; };
		CE5F36621070202700A4362D /* ESC.framework in Frameworks */ = {isa = PBXBuildFile; fileRef = CE6C940C1002B38E00E59B43 /* ESC.framework */; };
		CE5F36771070204300A4362D /* WHApplicationTest.m in Sources */ = {isa = PBXBuildFile; fileRef = CE7B4987100153EC0057E7B3 /* WHApplicationTest.m */; };
		CE5F367A1070204E00A4362D /* WHArrayCallbackTests.m in Sources */ = {isa = PBXBuildFile; fileRef = CE6860C40FF843CE00551141 /* WHArrayCallbackTests.m */; };
		CE5F367B1070204F00A4362D /* WHCallbackTest.m in Sources */ = {isa = PBXBuildFile; fileRef = CE87C2210FF468120021A776 /* WHCallbackTest.m */; };
		CE5F367C1070205000A4362D /* WHCoreRender.m in Sources */ = {isa = PBXBuildFile; fileRef = CE11F6210FF1B939007392CA /* WHCoreRender.m */; };
		CE5F367D1070205200A4362D /* WHRegisteredObjectTest.m in Sources */ = {isa = PBXBuildFile; fileRef = CE6860E50FF8581100551141 /* WHRegisteredObjectTest.m */; };
		CE5F367E1070205300A4362D /* WHRequestTest.m in Sources */ = {isa = PBXBuildFile; fileRef = CE6EABAB0FFC015800B18FC3 /* WHRequestTest.m */; };
		CE5F367F1070205400A4362D /* WHSessionTests.m in Sources */ = {isa = PBXBuildFile; fileRef = CE6EAAEC0FFAE1CD00B18FC3 /* WHSessionTests.m */; };
		CE5F36801070205600A4362D /* WHStateRegistryTests.m in Sources */ = {isa = PBXBuildFile; fileRef = CE68610D0FF8675E00551141 /* WHStateRegistryTests.m */; };
		CE5F36831070205900A4362D /* WHTagTest.m in Sources */ = {isa = PBXBuildFile; fileRef = CE72AAD10FF2E131004F9A09 /* WHTagTest.m */; };
		CE5F36B5107039E000A4362D /* WHDispachQueue.h in Headers */ = {isa = PBXBuildFile; fileRef = CE5F36B3107039E000A4362D /* WHDispachQueue.h */; };
		CE5F36B6107039E000A4362D /* WHDispachQueue.m in Sources */ = {isa = PBXBuildFile; fileRef = CE5F36B4107039E000A4362D /* WHDispachQueue.m */; };
		CE6ACAED1016C47A00ACF1D9 /* WHFormExample.m in Sources */ = {isa = PBXBuildFile; fileRef = CE6ACAEC1016C47A00ACF1D9 /* WHFormExample.m */; };
		CE6C94151002B3B800E59B43 /* WHGenericTag.h in Headers */ = {isa = PBXBuildFile; fileRef = CE11F70A0FF1C725007392CA /* WHGenericTag.h */; };
		CE6C94161002B3B800E59B43 /* WHGenericTag.m in Sources */ = {isa = PBXBuildFile; fileRef = CE11F70B0FF1C725007392CA /* WHGenericTag.m */; };
		CE6C94171002B3B800E59B43 /* WHHtmlCanvas.h in Headers */ = {isa = PBXBuildFile; fileRef = CE11F6A20FF1C108007392CA /* WHHtmlCanvas.h */; };
		CE6C94181002B3B800E59B43 /* WHHtmlCanvas.m in Sources */ = {isa = PBXBuildFile; fileRef = CE11F6A30FF1C108007392CA /* WHHtmlCanvas.m */; };
		CE6C94191002B3B800E59B43 /* WHTag.h in Headers */ = {isa = PBXBuildFile; fileRef = CE11F7060FF1C71D007392CA /* WHTag.h */; };
		CE6C941A1002B3B800E59B43 /* WHTag.m in Sources */ = {isa = PBXBuildFile; fileRef = CE11F7070FF1C71D007392CA /* WHTag.m */; };
		CE6C941B1002B3B800E59B43 /* WHTagCollection.h in Headers */ = {isa = PBXBuildFile; fileRef = CE900DEC1001ACFB00E37E87 /* WHTagCollection.h */; };
		CE6C941C1002B3B800E59B43 /* WHTagCollection.m in Sources */ = {isa = PBXBuildFile; fileRef = CE900DED1001ACFB00E37E87 /* WHTagCollection.m */; };
		CE6C941D1002B3B800E59B43 /* WHMethodCallback.h in Headers */ = {isa = PBXBuildFile; fileRef = CE87C2040FF45EBA0021A776 /* WHMethodCallback.h */; };
		CE6C941E1002B3B800E59B43 /* WHMethodCallback.m in Sources */ = {isa = PBXBuildFile; fileRef = CE87C2050FF45EBA0021A776 /* WHMethodCallback.m */; };
		CE6C941F1002B3B800E59B43 /* WHArrayCallback.h in Headers */ = {isa = PBXBuildFile; fileRef = CE6860690FF816CC00551141 /* WHArrayCallback.h */; };
		CE6C94201002B3B800E59B43 /* WHArrayCallback.m in Sources */ = {isa = PBXBuildFile; fileRef = CE68606A0FF816CC00551141 /* WHArrayCallback.m */; };
		CE6C94211002B3B800E59B43 /* WHRegisteredObject.h in Headers */ = {isa = PBXBuildFile; fileRef = CE6860D80FF84EDE00551141 /* WHRegisteredObject.h */; };
		CE6C94221002B3B800E59B43 /* WHRegisteredObject.m in Sources */ = {isa = PBXBuildFile; fileRef = CE6860D90FF84EDE00551141 /* WHRegisteredObject.m */; };
		CE6C94231002B3B800E59B43 /* WHStateRegistry.h in Headers */ = {isa = PBXBuildFile; fileRef = CE6860EE0FF85BF400551141 /* WHStateRegistry.h */; };
		CE6C94241002B3B800E59B43 /* WHStateRegistry.m in Sources */ = {isa = PBXBuildFile; fileRef = CE6860EF0FF85BF400551141 /* WHStateRegistry.m */; };
		CE6C94251002B3B800E59B43 /* WHSession.h in Headers */ = {isa = PBXBuildFile; fileRef = CE6EAAE00FF9932800B18FC3 /* WHSession.h */; };
		CE6C94261002B3B800E59B43 /* WHSession.m in Sources */ = {isa = PBXBuildFile; fileRef = CE6EAAE10FF9932800B18FC3 /* WHSession.m */; };
		CE6C94271002B3B800E59B43 /* WHApplication.h in Headers */ = {isa = PBXBuildFile; fileRef = CE6EAB890FFB106800B18FC3 /* WHApplication.h */; };
		CE6C94281002B3B800E59B43 /* WHApplication.m in Sources */ = {isa = PBXBuildFile; fileRef = CE6EAB8A0FFB106800B18FC3 /* WHApplication.m */; };
		CE6C94291002B3B800E59B43 /* WHAnchorTag.h in Headers */ = {isa = PBXBuildFile; fileRef = CE7194F610017F2E00D0E863 /* WHAnchorTag.h */; };
		CE6C942A1002B3B800E59B43 /* WHAnchorTag.m in Sources */ = {isa = PBXBuildFile; fileRef = CE7194F710017F2E00D0E863 /* WHAnchorTag.m */; };
		CE6C942B1002B3B800E59B43 /* WHRequest.h in Headers */ = {isa = PBXBuildFile; fileRef = CE6EAB8F0FFBE94D00B18FC3 /* WHRequest.h */; };
		CE6C942C1002B3B800E59B43 /* WHRequest.m in Sources */ = {isa = PBXBuildFile; fileRef = CE6EAB900FFBE94D00B18FC3 /* WHRequest.m */; };
		CE6C942D1002B3B800E59B43 /* WHComponent.h in Headers */ = {isa = PBXBuildFile; fileRef = CE6F6A0F0FFEFD2500B58426 /* WHComponent.h */; };
		CE6C942E1002B3B800E59B43 /* WHComponent.m in Sources */ = {isa = PBXBuildFile; fileRef = CE6F6A100FFEFD2500B58426 /* WHComponent.m */; };
		CE6C94EC1002CB9B00E59B43 /* ESC.framework in Frameworks */ = {isa = PBXBuildFile; fileRef = CE6C940C1002B38E00E59B43 /* ESC.framework */; };
		CE6C95131002CC8200E59B43 /* WHCounter.m in Sources */ = {isa = PBXBuildFile; fileRef = CE900D901001A92100E37E87 /* WHCounter.m */; };
		CE6C95361002CD1700E59B43 /* exampleMain.m in Sources */ = {isa = PBXBuildFile; fileRef = CE6C95351002CD1700E59B43 /* exampleMain.m */; };
		CE6C96281002EAE500E59B43 /* libfcgi.dylib in Frameworks */ = {isa = PBXBuildFile; fileRef = CE6C94621002B54B00E59B43 /* libfcgi.dylib */; };
		CE6CF4F91019357C00384D52 /* WHNavigation.h in Headers */ = {isa = PBXBuildFile; fileRef = CE6CF4F71019357C00384D52 /* WHNavigation.h */; };
		CE6CF4FA1019357C00384D52 /* WHNavigation.m in Sources */ = {isa = PBXBuildFile; fileRef = CE6CF4F81019357C00384D52 /* WHNavigation.m */; };
		CE6D498C1006D0D900B80F9D /* WHFormTag.m in Sources */ = {isa = PBXBuildFile; fileRef = CE6D49821006CFBC00B80F9D /* WHFormTag.m */; };
		CE6D49901006D0E400B80F9D /* WHFormInputTag.m in Sources */ = {isa = PBXBuildFile; fileRef = CE6D49601006C9FE00B80F9D /* WHFormInputTag.m */; };
		CE6D4ACA1006E6A700B80F9D /* WHFormCounter.m in Sources */ = {isa = PBXBuildFile; fileRef = CE6D4AC91006E6A700B80F9D /* WHFormCounter.m */; };
		CE6DA9C5101A792D00ED5D69 /* WHExampleApplication.h in Headers */ = {isa = PBXBuildFile; fileRef = CE6DA9C3101A792D00ED5D69 /* WHExampleApplication.h */; };
		CE6DA9C8101A79B100ED5D69 /* WHExampleApplication.m in Sources */ = {isa = PBXBuildFile; fileRef = CE6DA9C4101A792D00ED5D69 /* WHExampleApplication.m */; };
		CE6DAA2D101AB34900ED5D69 /* WHRegisteredCounter.h in Headers */ = {isa = PBXBuildFile; fileRef = CE6DAA2B101AB34900ED5D69 /* WHRegisteredCounter.h */; };
		CE6DAA57101AB7DE00ED5D69 /* WHRegisteredCounter.m in Sources */ = {isa = PBXBuildFile; fileRef = CE6DAA2C101AB34900ED5D69 /* WHRegisteredCounter.m */; };
		CEAC663D100A766D00CFAF21 /* WHHtmlRoot.m in Sources */ = {isa = PBXBuildFile; fileRef = CEAC6639100A753500CFAF21 /* WHHtmlRoot.m */; };
		CEAC66B9100AC45000CFAF21 /* WHMultiCounter.m in Sources */ = {isa = PBXBuildFile; fileRef = CEAC66B8100AC45000CFAF21 /* WHMultiCounter.m */; };
/* End PBXBuildFile section */

/* Begin PBXContainerItemProxy section */
		CE5F36601070202300A4362D /* PBXContainerItemProxy */ = {
			isa = PBXContainerItemProxy;
			containerPortal = 0867D690FE84028FC02AAC07 /* Project object */;
			proxyType = 1;
			remoteGlobalIDString = CE6C940B1002B38E00E59B43;
			remoteInfo = ESC;
		};
		CE6C95891002DEF400E59B43 /* PBXContainerItemProxy */ = {
			isa = PBXContainerItemProxy;
			containerPortal = 0867D690FE84028FC02AAC07 /* Project object */;
			proxyType = 1;
			remoteGlobalIDString = CE6C940B1002B38E00E59B43;
			remoteInfo = ESC;
		};
		CE6C97471002EEE200E59B43 /* PBXContainerItemProxy */ = {
			isa = PBXContainerItemProxy;
			containerPortal = 0867D690FE84028FC02AAC07 /* Project object */;
			proxyType = 1;
			remoteGlobalIDString = CE6C940B1002B38E00E59B43;
			remoteInfo = ESC;
		};
		CE6C97491002EEE600E59B43 /* PBXContainerItemProxy */ = {
			isa = PBXContainerItemProxy;
			containerPortal = 0867D690FE84028FC02AAC07 /* Project object */;
			proxyType = 1;
			remoteGlobalIDString = CE6C94E41002CB8600E59B43;
			remoteInfo = counter;
		};
/* End PBXContainerItemProxy section */

/* Begin PBXFileReference section */
		0867D69BFE84028FC02AAC07 /* Foundation.framework */ = {isa = PBXFileReference; lastKnownFileType = wrapper.framework; name = Foundation.framework; path = /System/Library/Frameworks/Foundation.framework; sourceTree = "<absolute>"; };
		0867D6A5FE840307C02AAC07 /* AppKit.framework */ = {isa = PBXFileReference; lastKnownFileType = wrapper.framework; name = AppKit.framework; path = /System/Library/Frameworks/AppKit.framework; sourceTree = "<absolute>"; };
		1058C7B1FEA5585E11CA2CBB /* Cocoa.framework */ = {isa = PBXFileReference; lastKnownFileType = wrapper.framework; name = Cocoa.framework; path = /System/Library/Frameworks/Cocoa.framework; sourceTree = "<absolute>"; };
		32DBCF5E0370ADEE00C91783 /* LakeFrontHTML_Prefix.pch */ = {isa = PBXFileReference; fileEncoding = 4; lastKnownFileType = sourcecode.c.h; path = LakeFrontHTML_Prefix.pch; sourceTree = "<group>"; };
		CE01D9980FF478EA007AC252 /* Test-Info.plist */ = {isa = PBXFileReference; lastKnownFileType = text.plist.xml; path = "Test-Info.plist"; sourceTree = "<group>"; };
		CE11F6170FF1B75E007392CA /* LakeFrontHTMLTests-Info.plist */ = {isa = PBXFileReference; lastKnownFileType = text.plist.xml; path = "LakeFrontHTMLTests-Info.plist"; sourceTree = "<group>"; };
		CE11F6200FF1B939007392CA /* WHCoreRender.h */ = {isa = PBXFileReference; fileEncoding = 4; lastKnownFileType = sourcecode.c.h; path = WHCoreRender.h; sourceTree = "<group>"; };
		CE11F6210FF1B939007392CA /* WHCoreRender.m */ = {isa = PBXFileReference; fileEncoding = 4; lastKnownFileType = sourcecode.c.objc; path = WHCoreRender.m; sourceTree = "<group>"; };
		CE11F6A20FF1C108007392CA /* WHHtmlCanvas.h */ = {isa = PBXFileReference; fileEncoding = 4; lastKnownFileType = sourcecode.c.h; path = WHHtmlCanvas.h; sourceTree = "<group>"; };
		CE11F6A30FF1C108007392CA /* WHHtmlCanvas.m */ = {isa = PBXFileReference; fileEncoding = 4; lastKnownFileType = sourcecode.c.objc; path = WHHtmlCanvas.m; sourceTree = "<group>"; };
		CE11F7060FF1C71D007392CA /* WHTag.h */ = {isa = PBXFileReference; fileEncoding = 4; lastKnownFileType = sourcecode.c.h; path = WHTag.h; sourceTree = "<group>"; };
		CE11F7070FF1C71D007392CA /* WHTag.m */ = {isa = PBXFileReference; fileEncoding = 4; lastKnownFileType = sourcecode.c.objc; path = WHTag.m; sourceTree = "<group>"; };
		CE11F70A0FF1C725007392CA /* WHGenericTag.h */ = {isa = PBXFileReference; fileEncoding = 4; lastKnownFileType = sourcecode.c.h; path = WHGenericTag.h; sourceTree = "<group>"; };
		CE11F70B0FF1C725007392CA /* WHGenericTag.m */ = {isa = PBXFileReference; fileEncoding = 4; lastKnownFileType = sourcecode.c.objc; path = WHGenericTag.m; sourceTree = "<group>"; };
		CE298D5A1072CBFD00D50BFA /* WHCallback.h */ = {isa = PBXFileReference; fileEncoding = 4; lastKnownFileType = sourcecode.c.h; path = WHCallback.h; sourceTree = "<group>"; };
		CE298D5B1072CBFD00D50BFA /* WHCallback.m */ = {isa = PBXFileReference; fileEncoding = 4; lastKnownFileType = sourcecode.c.objc; path = WHCallback.m; sourceTree = "<group>"; };
		CE298D681072CDC700D50BFA /* WHBlockCallback.h */ = {isa = PBXFileReference; fileEncoding = 4; lastKnownFileType = sourcecode.c.h; path = WHBlockCallback.h; sourceTree = "<group>"; };
		CE298D691072CDC700D50BFA /* WHBlockCallback.m */ = {isa = PBXFileReference; fileEncoding = 4; lastKnownFileType = sourcecode.c.objc; path = WHBlockCallback.m; sourceTree = "<group>"; };
		CE298DA31072E49300D50BFA /* WHBlockWithArgumentCallback.h */ = {isa = PBXFileReference; fileEncoding = 4; lastKnownFileType = sourcecode.c.h; path = WHBlockWithArgumentCallback.h; sourceTree = "<group>"; };
		CE298DA41072E49300D50BFA /* WHBlockWithArgumentCallback.m */ = {isa = PBXFileReference; fileEncoding = 4; lastKnownFileType = sourcecode.c.objc; path = WHBlockWithArgumentCallback.m; sourceTree = "<group>"; };
		CE2D4CC0100C2675005177DF /* WHChoiceDialog.h */ = {isa = PBXFileReference; fileEncoding = 4; lastKnownFileType = sourcecode.c.h; path = WHChoiceDialog.h; sourceTree = "<group>"; };
		CE2D4CC1100C2675005177DF /* WHChoiceDialog.m */ = {isa = PBXFileReference; fileEncoding = 4; lastKnownFileType = sourcecode.c.objc; path = WHChoiceDialog.m; sourceTree = "<group>"; };
		CE3E6D391013FD6C00F128B3 /* WHFormSelectTag.h */ = {isa = PBXFileReference; fileEncoding = 4; lastKnownFileType = sourcecode.c.h; path = WHFormSelectTag.h; sourceTree = "<group>"; };
		CE3E6D3A1013FD6C00F128B3 /* WHFormSelectTag.m */ = {isa = PBXFileReference; fileEncoding = 4; lastKnownFileType = sourcecode.c.objc; path = WHFormSelectTag.m; sourceTree = "<group>"; };
		CE5F3578106C622600A4362D /* WHGCDApplication.h */ = {isa = PBXFileReference; fileEncoding = 4; lastKnownFileType = sourcecode.c.h; path = WHGCDApplication.h; sourceTree = "<group>"; };
		CE5F3579106C622600A4362D /* WHGCDApplication.m */ = {isa = PBXFileReference; fileEncoding = 4; lastKnownFileType = sourcecode.c.objc; path = WHGCDApplication.m; sourceTree = "<group>"; };
		CE5F365A1070201C00A4362D /* ESTTest.octest */ = {isa = PBXFileReference; explicitFileType = wrapper.cfbundle; includeInIndex = 0; path = ESTTest.octest; sourceTree = BUILT_PRODUCTS_DIR; };
		CE5F365C1070201C00A4362D /* ESTTest-Info.plist */ = {isa = PBXFileReference; lastKnownFileType = text.plist.xml; path = "ESTTest-Info.plist"; sourceTree = "<group>"; };
		CE5F36B3107039E000A4362D /* WHDispachQueue.h */ = {isa = PBXFileReference; fileEncoding = 4; lastKnownFileType = sourcecode.c.h; path = WHDispachQueue.h; sourceTree = "<group>"; };
		CE5F36B4107039E000A4362D /* WHDispachQueue.m */ = {isa = PBXFileReference; fileEncoding = 4; lastKnownFileType = sourcecode.c.objc; path = WHDispachQueue.m; sourceTree = "<group>"; };
		CE6860690FF816CC00551141 /* WHArrayCallback.h */ = {isa = PBXFileReference; fileEncoding = 4; lastKnownFileType = sourcecode.c.h; path = WHArrayCallback.h; sourceTree = "<group>"; };
		CE68606A0FF816CC00551141 /* WHArrayCallback.m */ = {isa = PBXFileReference; fileEncoding = 4; lastKnownFileType = sourcecode.c.objc; path = WHArrayCallback.m; sourceTree = "<group>"; };
		CE6860C30FF843CE00551141 /* WHArrayCallbackTests.h */ = {isa = PBXFileReference; fileEncoding = 4; lastKnownFileType = sourcecode.c.h; path = WHArrayCallbackTests.h; sourceTree = "<group>"; };
		CE6860C40FF843CE00551141 /* WHArrayCallbackTests.m */ = {isa = PBXFileReference; fileEncoding = 4; lastKnownFileType = sourcecode.c.objc; path = WHArrayCallbackTests.m; sourceTree = "<group>"; };
		CE6860D80FF84EDE00551141 /* WHRegisteredObject.h */ = {isa = PBXFileReference; fileEncoding = 4; lastKnownFileType = sourcecode.c.h; path = WHRegisteredObject.h; sourceTree = "<group>"; };
		CE6860D90FF84EDE00551141 /* WHRegisteredObject.m */ = {isa = PBXFileReference; fileEncoding = 4; lastKnownFileType = sourcecode.c.objc; path = WHRegisteredObject.m; sourceTree = "<group>"; };
		CE6860E40FF8581100551141 /* WHRegisteredObjectTest.h */ = {isa = PBXFileReference; fileEncoding = 4; lastKnownFileType = sourcecode.c.h; path = WHRegisteredObjectTest.h; sourceTree = "<group>"; };
		CE6860E50FF8581100551141 /* WHRegisteredObjectTest.m */ = {isa = PBXFileReference; fileEncoding = 4; lastKnownFileType = sourcecode.c.objc; path = WHRegisteredObjectTest.m; sourceTree = "<group>"; };
		CE6860EE0FF85BF400551141 /* WHStateRegistry.h */ = {isa = PBXFileReference; fileEncoding = 4; lastKnownFileType = sourcecode.c.h; path = WHStateRegistry.h; sourceTree = "<group>"; };
		CE6860EF0FF85BF400551141 /* WHStateRegistry.m */ = {isa = PBXFileReference; fileEncoding = 4; lastKnownFileType = sourcecode.c.objc; path = WHStateRegistry.m; sourceTree = "<group>"; };
		CE68610C0FF8675E00551141 /* WHStateRegistryTests.h */ = {isa = PBXFileReference; fileEncoding = 4; lastKnownFileType = sourcecode.c.h; path = WHStateRegistryTests.h; sourceTree = "<group>"; };
		CE68610D0FF8675E00551141 /* WHStateRegistryTests.m */ = {isa = PBXFileReference; fileEncoding = 4; lastKnownFileType = sourcecode.c.objc; path = WHStateRegistryTests.m; sourceTree = "<group>"; };
		CE6ACAEB1016C47A00ACF1D9 /* WHFormExample.h */ = {isa = PBXFileReference; fileEncoding = 4; lastKnownFileType = sourcecode.c.h; path = WHFormExample.h; sourceTree = "<group>"; };
		CE6ACAEC1016C47A00ACF1D9 /* WHFormExample.m */ = {isa = PBXFileReference; fileEncoding = 4; lastKnownFileType = sourcecode.c.objc; path = WHFormExample.m; sourceTree = "<group>"; };
		CE6BD2511004525200F00EB3 /* WHInformDialog.h */ = {isa = PBXFileReference; fileEncoding = 4; lastKnownFileType = sourcecode.c.h; path = WHInformDialog.h; sourceTree = "<group>"; };
		CE6BD2521004525200F00EB3 /* WHInformDialog.m */ = {isa = PBXFileReference; fileEncoding = 4; lastKnownFileType = sourcecode.c.objc; path = WHInformDialog.m; sourceTree = "<group>"; };
		CE6C940C1002B38E00E59B43 /* ESC.framework */ = {isa = PBXFileReference; explicitFileType = wrapper.framework; includeInIndex = 0; path = ESC.framework; sourceTree = BUILT_PRODUCTS_DIR; };
		CE6C940D1002B38E00E59B43 /* ESC-Info.plist */ = {isa = PBXFileReference; lastKnownFileType = text.plist.xml; path = "ESC-Info.plist"; sourceTree = "<group>"; };
		CE6C94621002B54B00E59B43 /* libfcgi.dylib */ = {isa = PBXFileReference; lastKnownFileType = "compiled.mach-o.dylib"; name = libfcgi.dylib; path = usr/local/lib/libfcgi.dylib; sourceTree = SDKROOT; };
		CE6C94C01002B74100E59B43 /* ESCTests-Info.plist */ = {isa = PBXFileReference; lastKnownFileType = text.plist.xml; path = "ESCTests-Info.plist"; sourceTree = "<group>"; };
		CE6C94E51002CB8600E59B43 /* counter */ = {isa = PBXFileReference; explicitFileType = "compiled.mach-o.executable"; includeInIndex = 0; path = counter; sourceTree = BUILT_PRODUCTS_DIR; };
		CE6C95351002CD1700E59B43 /* exampleMain.m */ = {isa = PBXFileReference; fileEncoding = 4; lastKnownFileType = sourcecode.c.objc; path = exampleMain.m; sourceTree = "<group>"; };
		CE6CF4F71019357C00384D52 /* WHNavigation.h */ = {isa = PBXFileReference; fileEncoding = 4; lastKnownFileType = sourcecode.c.h; path = WHNavigation.h; sourceTree = "<group>"; };
		CE6CF4F81019357C00384D52 /* WHNavigation.m */ = {isa = PBXFileReference; fileEncoding = 4; lastKnownFileType = sourcecode.c.objc; path = WHNavigation.m; sourceTree = "<group>"; };
		CE6D495F1006C9FE00B80F9D /* WHFormInputTag.h */ = {isa = PBXFileReference; fileEncoding = 4; lastKnownFileType = sourcecode.c.h; path = WHFormInputTag.h; sourceTree = "<group>"; };
		CE6D49601006C9FE00B80F9D /* WHFormInputTag.m */ = {isa = PBXFileReference; fileEncoding = 4; lastKnownFileType = sourcecode.c.objc; path = WHFormInputTag.m; sourceTree = "<group>"; };
		CE6D49811006CFBC00B80F9D /* WHFormTag.h */ = {isa = PBXFileReference; fileEncoding = 4; lastKnownFileType = sourcecode.c.h; path = WHFormTag.h; sourceTree = "<group>"; };
		CE6D49821006CFBC00B80F9D /* WHFormTag.m */ = {isa = PBXFileReference; fileEncoding = 4; lastKnownFileType = sourcecode.c.objc; path = WHFormTag.m; sourceTree = "<group>"; };
		CE6D4AC81006E6A700B80F9D /* WHFormCounter.h */ = {isa = PBXFileReference; fileEncoding = 4; lastKnownFileType = sourcecode.c.h; path = WHFormCounter.h; sourceTree = "<group>"; };
		CE6D4AC91006E6A700B80F9D /* WHFormCounter.m */ = {isa = PBXFileReference; fileEncoding = 4; lastKnownFileType = sourcecode.c.objc; path = WHFormCounter.m; sourceTree = "<group>"; };
		CE6DA9C3101A792D00ED5D69 /* WHExampleApplication.h */ = {isa = PBXFileReference; fileEncoding = 4; lastKnownFileType = sourcecode.c.h; path = WHExampleApplication.h; sourceTree = "<group>"; };
		CE6DA9C4101A792D00ED5D69 /* WHExampleApplication.m */ = {isa = PBXFileReference; fileEncoding = 4; lastKnownFileType = sourcecode.c.objc; path = WHExampleApplication.m; sourceTree = "<group>"; };
		CE6DAA2B101AB34900ED5D69 /* WHRegisteredCounter.h */ = {isa = PBXFileReference; fileEncoding = 4; lastKnownFileType = sourcecode.c.h; path = WHRegisteredCounter.h; sourceTree = "<group>"; };
		CE6DAA2C101AB34900ED5D69 /* WHRegisteredCounter.m */ = {isa = PBXFileReference; fileEncoding = 4; lastKnownFileType = sourcecode.c.objc; path = WHRegisteredCounter.m; sourceTree = "<group>"; };
		CE6EAAE00FF9932800B18FC3 /* WHSession.h */ = {isa = PBXFileReference; fileEncoding = 4; lastKnownFileType = sourcecode.c.h; path = WHSession.h; sourceTree = "<group>"; };
		CE6EAAE10FF9932800B18FC3 /* WHSession.m */ = {isa = PBXFileReference; fileEncoding = 4; lastKnownFileType = sourcecode.c.objc; path = WHSession.m; sourceTree = "<group>"; };
		CE6EAAEB0FFAE1CD00B18FC3 /* WHSessionTests.h */ = {isa = PBXFileReference; fileEncoding = 4; lastKnownFileType = sourcecode.c.h; path = WHSessionTests.h; sourceTree = "<group>"; };
		CE6EAAEC0FFAE1CD00B18FC3 /* WHSessionTests.m */ = {isa = PBXFileReference; fileEncoding = 4; lastKnownFileType = sourcecode.c.objc; path = WHSessionTests.m; sourceTree = "<group>"; };
		CE6EAB890FFB106800B18FC3 /* WHApplication.h */ = {isa = PBXFileReference; fileEncoding = 4; lastKnownFileType = sourcecode.c.h; path = WHApplication.h; sourceTree = "<group>"; };
		CE6EAB8A0FFB106800B18FC3 /* WHApplication.m */ = {isa = PBXFileReference; fileEncoding = 4; lastKnownFileType = sourcecode.c.objc; path = WHApplication.m; sourceTree = "<group>"; };
		CE6EAB8F0FFBE94D00B18FC3 /* WHRequest.h */ = {isa = PBXFileReference; fileEncoding = 4; lastKnownFileType = sourcecode.c.h; path = WHRequest.h; sourceTree = "<group>"; };
		CE6EAB900FFBE94D00B18FC3 /* WHRequest.m */ = {isa = PBXFileReference; fileEncoding = 4; lastKnownFileType = sourcecode.c.objc; path = WHRequest.m; sourceTree = "<group>"; };
		CE6EABAA0FFC015800B18FC3 /* WHRequestTest.h */ = {isa = PBXFileReference; fileEncoding = 4; lastKnownFileType = sourcecode.c.h; path = WHRequestTest.h; sourceTree = "<group>"; };
		CE6EABAB0FFC015800B18FC3 /* WHRequestTest.m */ = {isa = PBXFileReference; fileEncoding = 4; lastKnownFileType = sourcecode.c.objc; path = WHRequestTest.m; sourceTree = "<group>"; };
		CE6F6A0F0FFEFD2500B58426 /* WHComponent.h */ = {isa = PBXFileReference; fileEncoding = 4; lastKnownFileType = sourcecode.c.h; path = WHComponent.h; sourceTree = "<group>"; };
		CE6F6A100FFEFD2500B58426 /* WHComponent.m */ = {isa = PBXFileReference; fileEncoding = 4; lastKnownFileType = sourcecode.c.objc; path = WHComponent.m; sourceTree = "<group>"; };
		CE7194F610017F2E00D0E863 /* WHAnchorTag.h */ = {isa = PBXFileReference; fileEncoding = 4; lastKnownFileType = sourcecode.c.h; path = WHAnchorTag.h; sourceTree = "<group>"; };
		CE7194F710017F2E00D0E863 /* WHAnchorTag.m */ = {isa = PBXFileReference; fileEncoding = 4; lastKnownFileType = sourcecode.c.objc; path = WHAnchorTag.m; sourceTree = "<group>"; };
		CE72AAD00FF2E131004F9A09 /* WHTagTest.h */ = {isa = PBXFileReference; fileEncoding = 4; lastKnownFileType = sourcecode.c.h; path = WHTagTest.h; sourceTree = "<group>"; };
		CE72AAD10FF2E131004F9A09 /* WHTagTest.m */ = {isa = PBXFileReference; fileEncoding = 4; lastKnownFileType = sourcecode.c.objc; path = WHTagTest.m; sourceTree = "<group>"; };
		CE7B4986100153EC0057E7B3 /* WHApplicationTest.h */ = {isa = PBXFileReference; fileEncoding = 4; lastKnownFileType = sourcecode.c.h; path = WHApplicationTest.h; sourceTree = "<group>"; };
		CE7B4987100153EC0057E7B3 /* WHApplicationTest.m */ = {isa = PBXFileReference; fileEncoding = 4; lastKnownFileType = sourcecode.c.objc; path = WHApplicationTest.m; sourceTree = "<group>"; };
		CE87C2040FF45EBA0021A776 /* WHMethodCallback.h */ = {isa = PBXFileReference; fileEncoding = 4; lastKnownFileType = sourcecode.c.h; path = WHMethodCallback.h; sourceTree = "<group>"; };
		CE87C2050FF45EBA0021A776 /* WHMethodCallback.m */ = {isa = PBXFileReference; fileEncoding = 4; lastKnownFileType = sourcecode.c.objc; path = WHMethodCallback.m; sourceTree = "<group>"; };
		CE87C2200FF468120021A776 /* WHCallbackTest.h */ = {isa = PBXFileReference; fileEncoding = 4; lastKnownFileType = sourcecode.c.h; path = WHCallbackTest.h; sourceTree = "<group>"; };
		CE87C2210FF468120021A776 /* WHCallbackTest.m */ = {isa = PBXFileReference; fileEncoding = 4; lastKnownFileType = sourcecode.c.objc; path = WHCallbackTest.m; sourceTree = "<group>"; };
		CE900D8F1001A92100E37E87 /* WHCounter.h */ = {isa = PBXFileReference; fileEncoding = 4; lastKnownFileType = sourcecode.c.h; path = WHCounter.h; sourceTree = "<group>"; };
		CE900D901001A92100E37E87 /* WHCounter.m */ = {isa = PBXFileReference; fileEncoding = 4; lastKnownFileType = sourcecode.c.objc; path = WHCounter.m; sourceTree = "<group>"; };
		CE900DEC1001ACFB00E37E87 /* WHTagCollection.h */ = {isa = PBXFileReference; fileEncoding = 4; lastKnownFileType = sourcecode.c.h; path = WHTagCollection.h; sourceTree = "<group>"; };
		CE900DED1001ACFB00E37E87 /* WHTagCollection.m */ = {isa = PBXFileReference; fileEncoding = 4; lastKnownFileType = sourcecode.c.objc; path = WHTagCollection.m; sourceTree = "<group>"; };
		CEAC6638100A753500CFAF21 /* WHHtmlRoot.h */ = {isa = PBXFileReference; fileEncoding = 4; lastKnownFileType = sourcecode.c.h; path = WHHtmlRoot.h; sourceTree = "<group>"; };
		CEAC6639100A753500CFAF21 /* WHHtmlRoot.m */ = {isa = PBXFileReference; fileEncoding = 4; lastKnownFileType = sourcecode.c.objc; path = WHHtmlRoot.m; sourceTree = "<group>"; };
		CEAC66B7100AC45000CFAF21 /* WHMultiCounter.h */ = {isa = PBXFileReference; fileEncoding = 4; lastKnownFileType = sourcecode.c.h; path = WHMultiCounter.h; sourceTree = "<group>"; };
		CEAC66B8100AC45000CFAF21 /* WHMultiCounter.m */ = {isa = PBXFileReference; fileEncoding = 4; lastKnownFileType = sourcecode.c.objc; path = WHMultiCounter.m; sourceTree = "<group>"; };
		D2A6134D07B89F6200DD23D3 /* CoreData.framework */ = {isa = PBXFileReference; lastKnownFileType = wrapper.framework; name = CoreData.framework; path = /System/Library/Frameworks/CoreData.framework; sourceTree = "<absolute>"; };
/* End PBXFileReference section */

/* Begin PBXFrameworksBuildPhase section */
		CE5F36571070201C00A4362D /* Frameworks */ = {
			isa = PBXFrameworksBuildPhase;
			buildActionMask = 2147483647;
			files = (
				CE5F36621070202700A4362D /* ESC.framework in Frameworks */,
			);
			runOnlyForDeploymentPostprocessing = 0;
		};
		CE6C940A1002B38E00E59B43 /* Frameworks */ = {
			isa = PBXFrameworksBuildPhase;
			buildActionMask = 2147483647;
			files = (
				CE1A9005103E22AB00C4C81A /* libfcgi.dylib in Frameworks */,
			);
			runOnlyForDeploymentPostprocessing = 0;
		};
		CE6C94E31002CB8600E59B43 /* Frameworks */ = {
			isa = PBXFrameworksBuildPhase;
			buildActionMask = 2147483647;
			files = (
				CE6C94EC1002CB9B00E59B43 /* ESC.framework in Frameworks */,
				CE6C96281002EAE500E59B43 /* libfcgi.dylib in Frameworks */,
			);
			runOnlyForDeploymentPostprocessing = 0;
		};
/* End PBXFrameworksBuildPhase section */

/* Begin PBXGroup section */
		034768DFFF38A50411DB9C8B /* Products */ = {
			isa = PBXGroup;
			children = (
				CE6C940C1002B38E00E59B43 /* ESC.framework */,
				CE6C94E51002CB8600E59B43 /* counter */,
				CE5F365A1070201C00A4362D /* ESTTest.octest */,
			);
			name = Products;
			sourceTree = "<group>";
		};
		0867D691FE84028FC02AAC07 /* LakeFrontHTML */ = {
			isa = PBXGroup;
			children = (
				CE900D8D1001A8B300E37E87 /* Examples */,
				CE11F61F0FF1B8BA007392CA /* Tests */,
				32C88DFF0371C24200C91783 /* Other Sources */,
				CE2D4CB2100C0F09005177DF /* Render */,
				CE6CF4F61019354500384D52 /* Components */,
				CE2D4CBD100C260B005177DF /* Dialogs */,
				08FB77AEFE84172EC02AAC07 /* Base */,
				0867D69AFE84028FC02AAC07 /* External Frameworks and Libraries */,
				034768DFFF38A50411DB9C8B /* Products */,
				CE11F6170FF1B75E007392CA /* LakeFrontHTMLTests-Info.plist */,
				CE01D9980FF478EA007AC252 /* Test-Info.plist */,
				CE6C940D1002B38E00E59B43 /* ESC-Info.plist */,
				CE6C94621002B54B00E59B43 /* libfcgi.dylib */,
				CE6C94C01002B74100E59B43 /* ESCTests-Info.plist */,
				CE5F365C1070201C00A4362D /* ESTTest-Info.plist */,
			);
			name = LakeFrontHTML;
			sourceTree = "<group>";
		};
		0867D69AFE84028FC02AAC07 /* External Frameworks and Libraries */ = {
			isa = PBXGroup;
			children = (
				1058C7B0FEA5585E11CA2CBB /* Linked Frameworks */,
				1058C7B2FEA5585E11CA2CBB /* Other Frameworks */,
			);
			name = "External Frameworks and Libraries";
			sourceTree = "<group>";
		};
		08FB77AEFE84172EC02AAC07 /* Base */ = {
			isa = PBXGroup;
			children = (
				CE87C2040FF45EBA0021A776 /* WHMethodCallback.h */,
				CE87C2050FF45EBA0021A776 /* WHMethodCallback.m */,
				CE6860690FF816CC00551141 /* WHArrayCallback.h */,
				CE68606A0FF816CC00551141 /* WHArrayCallback.m */,
				CE6860D80FF84EDE00551141 /* WHRegisteredObject.h */,
				CE6EAAE00FF9932800B18FC3 /* WHSession.h */,
				CE6EAAE10FF9932800B18FC3 /* WHSession.m */,
				CE6860D90FF84EDE00551141 /* WHRegisteredObject.m */,
				CE6860EE0FF85BF400551141 /* WHStateRegistry.h */,
				CE6860EF0FF85BF400551141 /* WHStateRegistry.m */,
				CEAC6638100A753500CFAF21 /* WHHtmlRoot.h */,
				CEAC6639100A753500CFAF21 /* WHHtmlRoot.m */,
				CE6EAB890FFB106800B18FC3 /* WHApplication.h */,
				CE6EAB8A0FFB106800B18FC3 /* WHApplication.m */,
				CE6EAB8F0FFBE94D00B18FC3 /* WHRequest.h */,
				CE6EAB900FFBE94D00B18FC3 /* WHRequest.m */,
				CE6F6A0F0FFEFD2500B58426 /* WHComponent.h */,
				CE6F6A100FFEFD2500B58426 /* WHComponent.m */,
				CE5F3578106C622600A4362D /* WHGCDApplication.h */,
				CE5F3579106C622600A4362D /* WHGCDApplication.m */,
				CE5F36B3107039E000A4362D /* WHDispachQueue.h */,
				CE5F36B4107039E000A4362D /* WHDispachQueue.m */,
				CE298D5A1072CBFD00D50BFA /* WHCallback.h */,
				CE298D5B1072CBFD00D50BFA /* WHCallback.m */,
				CE298D681072CDC700D50BFA /* WHBlockCallback.h */,
				CE298D691072CDC700D50BFA /* WHBlockCallback.m */,
				CE298DA31072E49300D50BFA /* WHBlockWithArgumentCallback.h */,
				CE298DA41072E49300D50BFA /* WHBlockWithArgumentCallback.m */,
			);
			name = Base;
			sourceTree = "<group>";
		};
		1058C7B0FEA5585E11CA2CBB /* Linked Frameworks */ = {
			isa = PBXGroup;
			children = (
				1058C7B1FEA5585E11CA2CBB /* Cocoa.framework */,
			);
			name = "Linked Frameworks";
			sourceTree = "<group>";
		};
		1058C7B2FEA5585E11CA2CBB /* Other Frameworks */ = {
			isa = PBXGroup;
			children = (
				0867D6A5FE840307C02AAC07 /* AppKit.framework */,
				D2A6134D07B89F6200DD23D3 /* CoreData.framework */,
				0867D69BFE84028FC02AAC07 /* Foundation.framework */,
			);
			name = "Other Frameworks";
			sourceTree = "<group>";
		};
		32C88DFF0371C24200C91783 /* Other Sources */ = {
			isa = PBXGroup;
			children = (
				32DBCF5E0370ADEE00C91783 /* LakeFrontHTML_Prefix.pch */,
			);
			name = "Other Sources";
			sourceTree = "<group>";
		};
		CE11F61F0FF1B8BA007392CA /* Tests */ = {
			isa = PBXGroup;
			children = (
				CE11F6200FF1B939007392CA /* WHCoreRender.h */,
				CE11F6210FF1B939007392CA /* WHCoreRender.m */,
				CE72AAD00FF2E131004F9A09 /* WHTagTest.h */,
				CE72AAD10FF2E131004F9A09 /* WHTagTest.m */,
				CE87C2200FF468120021A776 /* WHCallbackTest.h */,
				CE87C2210FF468120021A776 /* WHCallbackTest.m */,
				CE6860C30FF843CE00551141 /* WHArrayCallbackTests.h */,
				CE6860C40FF843CE00551141 /* WHArrayCallbackTests.m */,
				CE6860E40FF8581100551141 /* WHRegisteredObjectTest.h */,
				CE6860E50FF8581100551141 /* WHRegisteredObjectTest.m */,
				CE68610C0FF8675E00551141 /* WHStateRegistryTests.h */,
				CE68610D0FF8675E00551141 /* WHStateRegistryTests.m */,
				CE6EAAEB0FFAE1CD00B18FC3 /* WHSessionTests.h */,
				CE6EAAEC0FFAE1CD00B18FC3 /* WHSessionTests.m */,
				CE7B4986100153EC0057E7B3 /* WHApplicationTest.h */,
				CE7B4987100153EC0057E7B3 /* WHApplicationTest.m */,
				CE6EABAA0FFC015800B18FC3 /* WHRequestTest.h */,
				CE6EABAB0FFC015800B18FC3 /* WHRequestTest.m */,
			);
			name = Tests;
			sourceTree = "<group>";
		};
		CE2D4CB2100C0F09005177DF /* Render */ = {
			isa = PBXGroup;
			children = (
				CE900DEC1001ACFB00E37E87 /* WHTagCollection.h */,
				CE900DED1001ACFB00E37E87 /* WHTagCollection.m */,
				CE6D49811006CFBC00B80F9D /* WHFormTag.h */,
				CE6D49821006CFBC00B80F9D /* WHFormTag.m */,
				CE11F70A0FF1C725007392CA /* WHGenericTag.h */,
				CE11F70B0FF1C725007392CA /* WHGenericTag.m */,
				CE11F6A30FF1C108007392CA /* WHHtmlCanvas.m */,
				CE11F6A20FF1C108007392CA /* WHHtmlCanvas.h */,
				CE11F7060FF1C71D007392CA /* WHTag.h */,
				CE11F7070FF1C71D007392CA /* WHTag.m */,
				CE7194F610017F2E00D0E863 /* WHAnchorTag.h */,
				CE7194F710017F2E00D0E863 /* WHAnchorTag.m */,
				CE6D495F1006C9FE00B80F9D /* WHFormInputTag.h */,
				CE6D49601006C9FE00B80F9D /* WHFormInputTag.m */,
				CE3E6D391013FD6C00F128B3 /* WHFormSelectTag.h */,
				CE3E6D3A1013FD6C00F128B3 /* WHFormSelectTag.m */,
			);
			name = Render;
			sourceTree = "<group>";
		};
		CE2D4CBD100C260B005177DF /* Dialogs */ = {
			isa = PBXGroup;
			children = (
				CE6BD2511004525200F00EB3 /* WHInformDialog.h */,
				CE6BD2521004525200F00EB3 /* WHInformDialog.m */,
				CE2D4CC0100C2675005177DF /* WHChoiceDialog.h */,
				CE2D4CC1100C2675005177DF /* WHChoiceDialog.m */,
			);
			name = Dialogs;
			sourceTree = "<group>";
		};
		CE6ACAEA1016C46600ACF1D9 /* Form */ = {
			isa = PBXGroup;
			children = (
				CE6ACAEB1016C47A00ACF1D9 /* WHFormExample.h */,
				CE6ACAEC1016C47A00ACF1D9 /* WHFormExample.m */,
			);
			name = Form;
			sourceTree = "<group>";
		};
		CE6CF4F61019354500384D52 /* Components */ = {
			isa = PBXGroup;
			children = (
				CE6CF4F71019357C00384D52 /* WHNavigation.h */,
				CE6CF4F81019357C00384D52 /* WHNavigation.m */,
			);
			name = Components;
			sourceTree = "<group>";
		};
		CE6D4AB61006E5BA00B80F9D /* Form Counter */ = {
			isa = PBXGroup;
			children = (
				CE6D4AC81006E6A700B80F9D /* WHFormCounter.h */,
				CE6D4AC91006E6A700B80F9D /* WHFormCounter.m */,
			);
			name = "Form Counter";
			sourceTree = "<group>";
		};
		CE6DAA2A101AB33100ED5D69 /* StateRegistry */ = {
			isa = PBXGroup;
			children = (
				CE6DAA2B101AB34900ED5D69 /* WHRegisteredCounter.h */,
				CE6DAA2C101AB34900ED5D69 /* WHRegisteredCounter.m */,
			);
			name = StateRegistry;
			sourceTree = "<group>";
		};
		CE900D8D1001A8B300E37E87 /* Examples */ = {
			isa = PBXGroup;
			children = (
				CE6DAA2A101AB33100ED5D69 /* StateRegistry */,
				CE6ACAEA1016C46600ACF1D9 /* Form */,
				CEAC66B6100AC44300CFAF21 /* Multicounter */,
				CE6D4AB61006E5BA00B80F9D /* Form Counter */,
				CE900D8E1001A8C400E37E87 /* Counter */,
				CE6C95351002CD1700E59B43 /* exampleMain.m */,
				CE6DA9C3101A792D00ED5D69 /* WHExampleApplication.h */,
				CE6DA9C4101A792D00ED5D69 /* WHExampleApplication.m */,
			);
			name = Examples;
			sourceTree = "<group>";
		};
		CE900D8E1001A8C400E37E87 /* Counter */ = {
			isa = PBXGroup;
			children = (
				CE900D8F1001A92100E37E87 /* WHCounter.h */,
				CE900D901001A92100E37E87 /* WHCounter.m */,
			);
			name = Counter;
			sourceTree = "<group>";
		};
		CEAC66B6100AC44300CFAF21 /* Multicounter */ = {
			isa = PBXGroup;
			children = (
				CEAC66B7100AC45000CFAF21 /* WHMultiCounter.h */,
				CEAC66B8100AC45000CFAF21 /* WHMultiCounter.m */,
			);
			name = Multicounter;
			sourceTree = "<group>";
		};
/* End PBXGroup section */

/* Begin PBXHeadersBuildPhase section */
		CE6C94071002B38E00E59B43 /* Headers */ = {
			isa = PBXHeadersBuildPhase;
			buildActionMask = 2147483647;
			files = (
				CE6C94151002B3B800E59B43 /* WHGenericTag.h in Headers */,
				CE6C94171002B3B800E59B43 /* WHHtmlCanvas.h in Headers */,
				CE6C94191002B3B800E59B43 /* WHTag.h in Headers */,
				CE6C941B1002B3B800E59B43 /* WHTagCollection.h in Headers */,
				CE6C941D1002B3B800E59B43 /* WHMethodCallback.h in Headers */,
				CE6C941F1002B3B800E59B43 /* WHArrayCallback.h in Headers */,
				CE6C94211002B3B800E59B43 /* WHRegisteredObject.h in Headers */,
				CE6C94231002B3B800E59B43 /* WHStateRegistry.h in Headers */,
				CE6C94251002B3B800E59B43 /* WHSession.h in Headers */,
				CE6C94271002B3B800E59B43 /* WHApplication.h in Headers */,
				CE6C94291002B3B800E59B43 /* WHAnchorTag.h in Headers */,
				CE6C942B1002B3B800E59B43 /* WHRequest.h in Headers */,
				CE6C942D1002B3B800E59B43 /* WHComponent.h in Headers */,
				CE2D4CBE100C261D005177DF /* WHInformDialog.h in Headers */,
				CE6CF4F91019357C00384D52 /* WHNavigation.h in Headers */,
				CE6DA9C5101A792D00ED5D69 /* WHExampleApplication.h in Headers */,
				CE6DAA2D101AB34900ED5D69 /* WHRegisteredCounter.h in Headers */,
				CE5F357A106C622600A4362D /* WHGCDApplication.h in Headers */,
				CE5F36B5107039E000A4362D /* WHDispachQueue.h in Headers */,
				CE298D5C1072CBFD00D50BFA /* WHCallback.h in Headers */,
				CE298D6A1072CDC700D50BFA /* WHBlockCallback.h in Headers */,
				CE298DA51072E49300D50BFA /* WHBlockWithArgumentCallback.h in Headers */,
			);
			runOnlyForDeploymentPostprocessing = 0;
		};
/* End PBXHeadersBuildPhase section */

/* Begin PBXNativeTarget section */
		CE5F36591070201C00A4362D /* ESTTest */ = {
			isa = PBXNativeTarget;
			buildConfigurationList = CE5F365F1070201D00A4362D /* Build configuration list for PBXNativeTarget "ESTTest" */;
			buildPhases = (
				CE5F36551070201C00A4362D /* Resources */,
				CE5F36561070201C00A4362D /* Sources */,
				CE5F36571070201C00A4362D /* Frameworks */,
				CE5F36581070201C00A4362D /* ShellScript */,
			);
			buildRules = (
			);
			dependencies = (
				CE5F36611070202300A4362D /* PBXTargetDependency */,
			);
			name = ESTTest;
			productName = ESTTest;
			productReference = CE5F365A1070201C00A4362D /* ESTTest.octest */;
			productType = "com.apple.product-type.bundle";
		};
		CE6C940B1002B38E00E59B43 /* ESC */ = {
			isa = PBXNativeTarget;
			buildConfigurationList = CE6C94101002B38F00E59B43 /* Build configuration list for PBXNativeTarget "ESC" */;
			buildPhases = (
				CE6C94071002B38E00E59B43 /* Headers */,
				CE6C94081002B38E00E59B43 /* Resources */,
				CE6C94091002B38E00E59B43 /* Sources */,
				CE6C940A1002B38E00E59B43 /* Frameworks */,
			);
			buildRules = (
			);
			dependencies = (
			);
			name = ESC;
			productName = ESC;
			productReference = CE6C940C1002B38E00E59B43 /* ESC.framework */;
			productType = "com.apple.product-type.framework";
		};
		CE6C94E41002CB8600E59B43 /* counter */ = {
			isa = PBXNativeTarget;
			buildConfigurationList = CE6C950D1002CBAA00E59B43 /* Build configuration list for PBXNativeTarget "counter" */;
			buildPhases = (
				CE6C94E21002CB8600E59B43 /* Sources */,
				CE6C94E31002CB8600E59B43 /* Frameworks */,
			);
			buildRules = (
			);
			dependencies = (
				CE6C958A1002DEF400E59B43 /* PBXTargetDependency */,
			);
			name = counter;
			productName = counter;
			productReference = CE6C94E51002CB8600E59B43 /* counter */;
			productType = "com.apple.product-type.tool";
		};
/* End PBXNativeTarget section */

/* Begin PBXProject section */
		0867D690FE84028FC02AAC07 /* Project object */ = {
			isa = PBXProject;
			buildConfigurationList = 1DEB918108733D990010E9CD /* Build configuration list for PBXProject "ESC" */;
			compatibilityVersion = "Xcode 3.1";
			hasScannedForEncodings = 1;
			mainGroup = 0867D691FE84028FC02AAC07 /* LakeFrontHTML */;
			productRefGroup = 034768DFFF38A50411DB9C8B /* Products */;
			projectDirPath = "";
			projectRoot = "";
			targets = (
				CE6C940B1002B38E00E59B43 /* ESC */,
				CE6C94E41002CB8600E59B43 /* counter */,
				CE6C95B91002E2CF00E59B43 /* demo.sh */,
				CE5F36591070201C00A4362D /* ESTTest */,
			);
		};
/* End PBXProject section */

/* Begin PBXResourcesBuildPhase section */
		CE5F36551070201C00A4362D /* Resources */ = {
			isa = PBXResourcesBuildPhase;
			buildActionMask = 2147483647;
			files = (
			);
			runOnlyForDeploymentPostprocessing = 0;
		};
		CE6C94081002B38E00E59B43 /* Resources */ = {
			isa = PBXResourcesBuildPhase;
			buildActionMask = 2147483647;
			files = (
			);
			runOnlyForDeploymentPostprocessing = 0;
		};
/* End PBXResourcesBuildPhase section */

/* Begin PBXShellScriptBuildPhase section */
		CE5F36581070201C00A4362D /* ShellScript */ = {
			isa = PBXShellScriptBuildPhase;
			buildActionMask = 2147483647;
			files = (
			);
			inputPaths = (
			);
			outputPaths = (
			);
			runOnlyForDeploymentPostprocessing = 0;
			shellPath = /bin/sh;
			shellScript = "# Run the unit tests in this test bundle.\n\"${SYSTEM_DEVELOPER_DIR}/Tools/RunUnitTests\"\n";
		};
		CE6C95B81002E2CF00E59B43 /* ShellScript */ = {
			isa = PBXShellScriptBuildPhase;
			buildActionMask = 12;
			files = (
			);
			inputPaths = (
			);
			outputPaths = (
			);
			runOnlyForDeploymentPostprocessing = 0;
			shellPath = /bin/sh;
			shellScript = "echo DYLD_FRAMEWORK_PATH=$BUILT_PRODUCTS_DIR -start -connect /tmp/counter.socket $BUILT_PRODUCTS_DIR/counter\n\nDYLD_FRAMEWORK_PATH=$BUILT_PRODUCTS_DIR /usr/local/bin/cgi-fcgi -start -connect /tmp/counter.socket $BUILT_PRODUCTS_DIR/counter\n";
		};
/* End PBXShellScriptBuildPhase section */

/* Begin PBXSourcesBuildPhase section */
		CE5F36561070201C00A4362D /* Sources */ = {
			isa = PBXSourcesBuildPhase;
			buildActionMask = 2147483647;
			files = (
				CE5F36771070204300A4362D /* WHApplicationTest.m in Sources */,
				CE5F367A1070204E00A4362D /* WHArrayCallbackTests.m in Sources */,
				CE5F367B1070204F00A4362D /* WHCallbackTest.m in Sources */,
				CE5F367C1070205000A4362D /* WHCoreRender.m in Sources */,
				CE5F367D1070205200A4362D /* WHRegisteredObjectTest.m in Sources */,
				CE5F367E1070205300A4362D /* WHRequestTest.m in Sources */,
				CE5F367F1070205400A4362D /* WHSessionTests.m in Sources */,
				CE5F36801070205600A4362D /* WHStateRegistryTests.m in Sources */,
				CE5F36831070205900A4362D /* WHTagTest.m in Sources */,
			);
			runOnlyForDeploymentPostprocessing = 0;
		};
		CE6C94091002B38E00E59B43 /* Sources */ = {
			isa = PBXSourcesBuildPhase;
			buildActionMask = 2147483647;
			files = (
				CE6C94161002B3B800E59B43 /* WHGenericTag.m in Sources */,
				CE6C94181002B3B800E59B43 /* WHHtmlCanvas.m in Sources */,
				CE6C941A1002B3B800E59B43 /* WHTag.m in Sources */,
				CE6C941C1002B3B800E59B43 /* WHTagCollection.m in Sources */,
				CE6C941E1002B3B800E59B43 /* WHMethodCallback.m in Sources */,
				CE6C94201002B3B800E59B43 /* WHArrayCallback.m in Sources */,
				CE6C94221002B3B800E59B43 /* WHRegisteredObject.m in Sources */,
				CE6C94241002B3B800E59B43 /* WHStateRegistry.m in Sources */,
				CE6C94261002B3B800E59B43 /* WHSession.m in Sources */,
				CE6C94281002B3B800E59B43 /* WHApplication.m in Sources */,
				CE6C942A1002B3B800E59B43 /* WHAnchorTag.m in Sources */,
				CE6C942C1002B3B800E59B43 /* WHRequest.m in Sources */,
				CE6C942E1002B3B800E59B43 /* WHComponent.m in Sources */,
				CE6D498C1006D0D900B80F9D /* WHFormTag.m in Sources */,
				CE6D49901006D0E400B80F9D /* WHFormInputTag.m in Sources */,
				CEAC663D100A766D00CFAF21 /* WHHtmlRoot.m in Sources */,
				CE2D4CBF100C261D005177DF /* WHInformDialog.m in Sources */,
				CE2D4D4A100C2ECD005177DF /* WHChoiceDialog.m in Sources */,
				CE3E6D3D1013FD8200F128B3 /* WHFormSelectTag.m in Sources */,
				CE6CF4FA1019357C00384D52 /* WHNavigation.m in Sources */,
				CE5F357B106C622600A4362D /* WHGCDApplication.m in Sources */,
				CE5F36B6107039E000A4362D /* WHDispachQueue.m in Sources */,
				CE298D5D1072CBFD00D50BFA /* WHCallback.m in Sources */,
				CE298D6B1072CDC700D50BFA /* WHBlockCallback.m in Sources */,
				CE298DA61072E49300D50BFA /* WHBlockWithArgumentCallback.m in Sources */,
			);
			runOnlyForDeploymentPostprocessing = 0;
		};
		CE6C94E21002CB8600E59B43 /* Sources */ = {
			isa = PBXSourcesBuildPhase;
			buildActionMask = 2147483647;
			files = (
				CE6C95131002CC8200E59B43 /* WHCounter.m in Sources */,
				CE6C95361002CD1700E59B43 /* exampleMain.m in Sources */,
				CE6D4ACA1006E6A700B80F9D /* WHFormCounter.m in Sources */,
				CEAC66B9100AC45000CFAF21 /* WHMultiCounter.m in Sources */,
				CE6ACAED1016C47A00ACF1D9 /* WHFormExample.m in Sources */,
				CE6DA9C8101A79B100ED5D69 /* WHExampleApplication.m in Sources */,
				CE6DAA57101AB7DE00ED5D69 /* WHRegisteredCounter.m in Sources */,
			);
			runOnlyForDeploymentPostprocessing = 0;
		};
/* End PBXSourcesBuildPhase section */

/* Begin PBXTargetDependency section */
		CE5F36611070202300A4362D /* PBXTargetDependency */ = {
			isa = PBXTargetDependency;
			target = CE6C940B1002B38E00E59B43 /* ESC */;
			targetProxy = CE5F36601070202300A4362D /* PBXContainerItemProxy */;
		};
		CE6C958A1002DEF400E59B43 /* PBXTargetDependency */ = {
			isa = PBXTargetDependency;
			target = CE6C940B1002B38E00E59B43 /* ESC */;
			targetProxy = CE6C95891002DEF400E59B43 /* PBXContainerItemProxy */;
		};
		CE6C97481002EEE200E59B43 /* PBXTargetDependency */ = {
			isa = PBXTargetDependency;
			target = CE6C940B1002B38E00E59B43 /* ESC */;
			targetProxy = CE6C97471002EEE200E59B43 /* PBXContainerItemProxy */;
		};
		CE6C974A1002EEE600E59B43 /* PBXTargetDependency */ = {
			isa = PBXTargetDependency;
			target = CE6C94E41002CB8600E59B43 /* counter */;
			targetProxy = CE6C97491002EEE600E59B43 /* PBXContainerItemProxy */;
		};
/* End PBXTargetDependency section */

/* Begin XCBuildConfiguration section */
		1DEB918208733D990010E9CD /* Debug */ = {
			isa = XCBuildConfiguration;
			buildSettings = {
				ARCHS = "$(ARCHS_STANDARD_32_BIT)";
				GCC_C_LANGUAGE_STANDARD = c99;
				GCC_ENABLE_OBJC_GC = required;
				GCC_OPTIMIZATION_LEVEL = 0;
				GCC_WARN_ABOUT_RETURN_TYPE = YES;
				GCC_WARN_UNUSED_VARIABLE = YES;
				ONLY_ACTIVE_ARCH = YES;
				PREBINDING = NO;
				SDKROOT = macosx10.5;
			};
			name = Debug;
		};
		1DEB918308733D990010E9CD /* Release */ = {
			isa = XCBuildConfiguration;
			buildSettings = {
				ARCHS = "$(ARCHS_STANDARD_32_BIT)";
				GCC_C_LANGUAGE_STANDARD = c99;
				GCC_ENABLE_OBJC_GC = required;
				GCC_WARN_ABOUT_RETURN_TYPE = YES;
				GCC_WARN_UNUSED_VARIABLE = YES;
				PREBINDING = NO;
				SDKROOT = macosx10.5;
			};
			name = Release;
		};
		CE5F365D1070201C00A4362D /* Debug */ = {
			isa = XCBuildConfiguration;
			buildSettings = {
				ALWAYS_SEARCH_USER_PATHS = NO;
				COPY_PHASE_STRIP = NO;
				FRAMEWORK_SEARCH_PATHS = "$(DEVELOPER_LIBRARY_DIR)/Frameworks";
				GCC_DYNAMIC_NO_PIC = NO;
				GCC_ENABLE_FIX_AND_CONTINUE = NO;
				GCC_ENABLE_OBJC_EXCEPTIONS = YES;
				GCC_MODEL_TUNING = G5;
				GCC_OPTIMIZATION_LEVEL = 0;
				GCC_PRECOMPILE_PREFIX_HEADER = YES;
				GCC_PREFIX_HEADER = "$(SYSTEM_LIBRARY_DIR)/Frameworks/Cocoa.framework/Headers/Cocoa.h";
				INFOPLIST_FILE = "ESTTest-Info.plist";
				INSTALL_PATH = "$(USER_LIBRARY_DIR)/Bundles";
				OTHER_LDFLAGS = (
					"-framework",
					Cocoa,
					"-framework",
					SenTestingKit,
				);
				PREBINDING = NO;
				PRODUCT_NAME = ESTTest;
				WRAPPER_EXTENSION = octest;
			};
			name = Debug;
		};
		CE5F365E1070201C00A4362D /* Release */ = {
			isa = XCBuildConfiguration;
			buildSettings = {
				ALWAYS_SEARCH_USER_PATHS = NO;
				COPY_PHASE_STRIP = YES;
				DEBUG_INFORMATION_FORMAT = "dwarf-with-dsym";
				FRAMEWORK_SEARCH_PATHS = "$(DEVELOPER_LIBRARY_DIR)/Frameworks";
				GCC_ENABLE_FIX_AND_CONTINUE = NO;
				GCC_ENABLE_OBJC_EXCEPTIONS = YES;
				GCC_MODEL_TUNING = G5;
				GCC_PRECOMPILE_PREFIX_HEADER = YES;
				GCC_PREFIX_HEADER = "$(SYSTEM_LIBRARY_DIR)/Frameworks/Cocoa.framework/Headers/Cocoa.h";
				INFOPLIST_FILE = "ESTTest-Info.plist";
				INSTALL_PATH = "$(USER_LIBRARY_DIR)/Bundles";
				OTHER_LDFLAGS = (
					"-framework",
					Cocoa,
					"-framework",
					SenTestingKit,
				);
				PREBINDING = NO;
				PRODUCT_NAME = ESTTest;
				WRAPPER_EXTENSION = octest;
				ZERO_LINK = NO;
			};
			name = Release;
		};
		CE6C940E1002B38F00E59B43 /* Debug */ = {
			isa = XCBuildConfiguration;
			buildSettings = {
				ALWAYS_SEARCH_USER_PATHS = NO;
				COPY_PHASE_STRIP = NO;
				DYLIB_COMPATIBILITY_VERSION = 1;
				DYLIB_CURRENT_VERSION = 1;
				FRAMEWORK_VERSION = A;
				GCC_DYNAMIC_NO_PIC = NO;
				GCC_ENABLE_FIX_AND_CONTINUE = YES;
				GCC_MODEL_TUNING = G5;
				GCC_OPTIMIZATION_LEVEL = 0;
				GCC_PRECOMPILE_PREFIX_HEADER = YES;
				GCC_PREFIX_HEADER = "$(SYSTEM_LIBRARY_DIR)/Frameworks/AppKit.framework/Headers/AppKit.h";
				GCC_VERSION = com.apple.compilers.llvm.clang.1_0;
				INFOPLIST_FILE = "ESC-Info.plist";
				INSTALL_PATH = "$(HOME)/Library/Frameworks";
				OTHER_LDFLAGS = (
					"-framework",
					Foundation,
					"-framework",
					AppKit,
				);
				PREBINDING = NO;
				PRODUCT_NAME = ESC;
			};
			name = Debug;
		};
		CE6C940F1002B38F00E59B43 /* Release */ = {
			isa = XCBuildConfiguration;
			buildSettings = {
				ALWAYS_SEARCH_USER_PATHS = NO;
				COPY_PHASE_STRIP = YES;
				DEBUG_INFORMATION_FORMAT = "dwarf-with-dsym";
				DYLIB_COMPATIBILITY_VERSION = 1;
				DYLIB_CURRENT_VERSION = 1;
				FRAMEWORK_VERSION = A;
				GCC_ENABLE_FIX_AND_CONTINUE = NO;
				GCC_MODEL_TUNING = G5;
				GCC_PRECOMPILE_PREFIX_HEADER = YES;
				GCC_PREFIX_HEADER = "$(SYSTEM_LIBRARY_DIR)/Frameworks/AppKit.framework/Headers/AppKit.h";
				INFOPLIST_FILE = "ESC-Info.plist";
				INSTALL_PATH = "$(HOME)/Library/Frameworks";
				OTHER_LDFLAGS = (
					"-framework",
					Foundation,
					"-framework",
					AppKit,
				);
				PREBINDING = NO;
				PRODUCT_NAME = ESC;
				ZERO_LINK = NO;
			};
			name = Release;
		};
		CE6C94E81002CB8600E59B43 /* Debug */ = {
			isa = XCBuildConfiguration;
			buildSettings = {
				ALWAYS_SEARCH_USER_PATHS = NO;
				COPY_PHASE_STRIP = NO;
				GCC_DYNAMIC_NO_PIC = NO;
				GCC_ENABLE_FIX_AND_CONTINUE = YES;
				GCC_MODEL_TUNING = G5;
				GCC_OPTIMIZATION_LEVEL = 0;
				GCC_PRECOMPILE_PREFIX_HEADER = YES;
				GCC_PREFIX_HEADER = "$(SYSTEM_LIBRARY_DIR)/Frameworks/AppKit.framework/Headers/AppKit.h";
				GCC_VERSION = com.apple.compilers.llvm.clang.1_0;
				INSTALL_PATH = /usr/local/bin;
				OTHER_LDFLAGS = (
					"-framework",
					Foundation,
					"-framework",
					AppKit,
				);
				PREBINDING = NO;
				PRODUCT_NAME = counter;
			};
			name = Debug;
		};
		CE6C94E91002CB8600E59B43 /* Release */ = {
			isa = XCBuildConfiguration;
			buildSettings = {
				ALWAYS_SEARCH_USER_PATHS = NO;
				COPY_PHASE_STRIP = YES;
				DEBUG_INFORMATION_FORMAT = "dwarf-with-dsym";
				GCC_ENABLE_FIX_AND_CONTINUE = NO;
				GCC_MODEL_TUNING = G5;
				GCC_PRECOMPILE_PREFIX_HEADER = YES;
				GCC_PREFIX_HEADER = "$(SYSTEM_LIBRARY_DIR)/Frameworks/AppKit.framework/Headers/AppKit.h";
				INSTALL_PATH = /usr/local/bin;
				OTHER_LDFLAGS = (
					"-framework",
					Foundation,
					"-framework",
					AppKit,
				);
				PREBINDING = NO;
				PRODUCT_NAME = counter;
				ZERO_LINK = NO;
			};
			name = Release;
		};
		CE6C95BA1002E2CF00E59B43 /* Debug */ = {
			isa = XCBuildConfiguration;
			buildSettings = {
				COPY_PHASE_STRIP = NO;
				GCC_DYNAMIC_NO_PIC = NO;
				GCC_OPTIMIZATION_LEVEL = 0;
				PRODUCT_NAME = demo.sh;
			};
			name = Debug;
		};
		CE6C95BB1002E2CF00E59B43 /* Release */ = {
			isa = XCBuildConfiguration;
			buildSettings = {
				COPY_PHASE_STRIP = YES;
				DEBUG_INFORMATION_FORMAT = "dwarf-with-dsym";
				GCC_ENABLE_FIX_AND_CONTINUE = NO;
				PRODUCT_NAME = demo.sh;
				ZERO_LINK = NO;
			};
			name = Release;
		};
/* End XCBuildConfiguration section */

/* Begin XCConfigurationList section */
		1DEB918108733D990010E9CD /* Build configuration list for PBXProject "ESC" */ = {
			isa = XCConfigurationList;
			buildConfigurations = (
				1DEB918208733D990010E9CD /* Debug */,
				1DEB918308733D990010E9CD /* Release */,
			);
			defaultConfigurationIsVisible = 0;
			defaultConfigurationName = Release;
		};
		CE5F365F1070201D00A4362D /* Build configuration list for PBXNativeTarget "ESTTest" */ = {
			isa = XCConfigurationList;
			buildConfigurations = (
				CE5F365D1070201C00A4362D /* Debug */,
				CE5F365E1070201C00A4362D /* Release */,
			);
			defaultConfigurationIsVisible = 0;
			defaultConfigurationName = Release;
		};
		CE6C94101002B38F00E59B43 /* Build configuration list for PBXNativeTarget "ESC" */ = {
			isa = XCConfigurationList;
			buildConfigurations = (
				CE6C940E1002B38F00E59B43 /* Debug */,
				CE6C940F1002B38F00E59B43 /* Release */,
			);
			defaultConfigurationIsVisible = 0;
			defaultConfigurationName = Release;
		};
		CE6C950D1002CBAA00E59B43 /* Build configuration list for PBXNativeTarget "counter" */ = {
			isa = XCConfigurationList;
			buildConfigurations = (
				CE6C94E81002CB8600E59B43 /* Debug */,
				CE6C94E91002CB8600E59B43 /* Release */,
			);
			defaultConfigurationIsVisible = 0;
			defaultConfigurationName = Release;
		};
		CE6C95BC1002E2ED00E59B43 /* Build configuration list for PBXAggregateTarget "demo.sh" */ = {
			isa = XCConfigurationList;
			buildConfigurations = (
				CE6C95BA1002E2CF00E59B43 /* Debug */,
				CE6C95BB1002E2CF00E59B43 /* Release */,
			);
			defaultConfigurationIsVisible = 0;
			defaultConfigurationName = Release;
		};
/* End XCConfigurationList section */
	};
	rootObject = 0867D690FE84028FC02AAC07 /* Project object */;
}
